
Microsoft Visual Studio Solution File, Format Version 12.00
# Visual Studio Version 17
VisualStudioVersion = 17.11.35208.52
MinimumVisualStudioVersion = 10.0.40219.1
Project("{FAE04EC0-301F-11D3-BF4B-00C04F79EFBC}") = "TargetsRest", "TargetsRest\TargetsRest.csproj", "{025CECB3-AFE9-4C64-A19A-28013E6DB478}"
EndProject
Global
	GlobalSection(SolutionConfigurationPlatforms) = preSolution
		Debug|Any CPU = Debug|Any CPU
		Release|Any CPU = Release|Any CPU
	EndGlobalSection
	GlobalSection(ProjectConfigurationPlatforms) = postSolution
		{025CECB3-AFE9-4C64-A19A-28013E6DB478}.Debug|Any CPU.ActiveCfg = Debug|Any CPU
		{025CECB3-AFE9-4C64-A19A-28013E6DB478}.Debug|Any CPU.Build.0 = Debug|Any CPU
		{025CECB3-AFE9-4C64-A19A-28013E6DB478}.Release|Any CPU.ActiveCfg = Release|Any CPU
		{025CECB3-AFE9-4C64-A19A-28013E6DB478}.Release|Any CPU.Build.0 = Release|Any CPU
	EndGlobalSection
	GlobalSection(SolutionProperties) = preSolution
		HideSolutionNode = FALSE
	EndGlobalSection
	GlobalSection(ExtensibilityGlobals) = postSolution
		SolutionGuid = {8D0C0B74-0BEE-42C3-B444-A632D282B8BF}
	EndGlobalSection
EndGlobal
